
Microsoft Visual Studio Solution File, Format Version 12.00
# Visual Studio Version 17
VisualStudioVersion = 17.3.32901.215
MinimumVisualStudioVersion = 10.0.40219.1
Project("{FAE04EC0-301F-11D3-BF4B-00C04F79EFBC}") = "ViviDiceRoller", "ViviDiceRoller.csproj", "{DE65645D-B08C-49D3-8B7C-05AF1E2C3915}"
EndProject
Global
	GlobalSection(SolutionConfigurationPlatforms) = preSolution
		Debug|Any CPU = Debug|Any CPU
		Release|Any CPU = Release|Any CPU
	EndGlobalSection
	GlobalSection(ProjectConfigurationPlatforms) = postSolution
		{DE65645D-B08C-49D3-8B7C-05AF1E2C3915}.Debug|Any CPU.ActiveCfg = Debug|Any CPU
		{DE65645D-B08C-49D3-8B7C-05AF1E2C3915}.Debug|Any CPU.Build.0 = Debug|Any CPU
		{DE65645D-B08C-49D3-8B7C-05AF1E2C3915}.Release|Any CPU.ActiveCfg = Release|Any CPU
		{DE65645D-B08C-49D3-8B7C-05AF1E2C3915}.Release|Any CPU.Build.0 = Release|Any CPU
	EndGlobalSection
	GlobalSection(SolutionProperties) = preSolution
		HideSolutionNode = FALSE
	EndGlobalSection
	GlobalSection(ExtensibilityGlobals) = postSolution
		SolutionGuid = {928A80B2-F476-4A36-804E-AC0625676498}
	EndGlobalSection
EndGlobal
